// !$*UTF8*$!
{
	archiveVersion = 1;
	classes = {
	};
	objectVersion = 53;
	objects = {

/* Begin PBXBuildFile section */
		160BD36429A7BBD900751877 /* dataFileIO.cpp in Sources */ = {isa = PBXBuildFile; fileRef = 160BD36229A7BBD900751877 /* dataFileIO.cpp */; };
		160BD36729A80E7800751877 /* pointsAndSegments.cpp in Sources */ = {isa = PBXBuildFile; fileRef = 16194F0929985C18001A252E /* pointsAndSegments.cpp */; };
		160BD36829A80E7800751877 /* dataFileIO.cpp in Sources */ = {isa = PBXBuildFile; fileRef = 160BD36229A7BBD900751877 /* dataFileIO.cpp */; };
		160BD36C29A80E7800751877 /* GLUT.framework in Frameworks */ = {isa = PBXBuildFile; fileRef = 16526F17298E4C13008C34A8 /* GLUT.framework */; };
		160BD36D29A80E7800751877 /* OpenGL.framework in Frameworks */ = {isa = PBXBuildFile; fileRef = 16526F18298E4C13008C34A8 /* OpenGL.framework */; };
		160BD37529A8200900751877 /* Segment.cpp in Sources */ = {isa = PBXBuildFile; fileRef = 16D0CB12299EC2270008B4C4 /* Segment.cpp */; };
		160BD37629A8200900751877 /* Point.cpp in Sources */ = {isa = PBXBuildFile; fileRef = 16194F0529985C0B001A252E /* Point.cpp */; };
		16526F19298E4C13008C34A8 /* GLUT.framework in Frameworks */ = {isa = PBXBuildFile; fileRef = 16526F17298E4C13008C34A8 /* GLUT.framework */; };
		16526F1A298E4C13008C34A8 /* OpenGL.framework in Frameworks */ = {isa = PBXBuildFile; fileRef = 16526F18298E4C13008C34A8 /* OpenGL.framework */; };
		168DD2ED29A5829E00A0A99C /* pointsAndSegments.cpp in Sources */ = {isa = PBXBuildFile; fileRef = 16194F0929985C18001A252E /* pointsAndSegments.cpp */; };
		6E7297BE2A043F59003A7965 /* IntersectionQuery.cpp in Sources */ = {isa = PBXBuildFile; fileRef = 6E7297BD2A043F59003A7965 /* IntersectionQuery.cpp */; };
/* End PBXBuildFile section */

/* Begin PBXCopyFilesBuildPhase section */
		160BD36E29A80E7800751877 /* CopyFiles */ = {
			isa = PBXCopyFilesBuildPhase;
			buildActionMask = 2147483647;
			dstPath = /usr/share/man/man1/;
			dstSubfolderSpec = 0;
			files = (
			);
			runOnlyForDeploymentPostprocessing = 1;
		};
		93EB007B26F10A410020C350 /* CopyFiles */ = {
			isa = PBXCopyFilesBuildPhase;
			buildActionMask = 2147483647;
			dstPath = /usr/share/man/man1/;
			dstSubfolderSpec = 0;
			files = (
			);
			runOnlyForDeploymentPostprocessing = 1;
		};
/* End PBXCopyFilesBuildPhase section */

/* Begin PBXFileReference section */
		160BD36129A74A3200751877 /* Data File Format.md */ = {isa = PBXFileReference; lastKnownFileType = net.daringfireball.markdown; path = "Data File Format.md"; sourceTree = "<group>"; };
		160BD36229A7BBD900751877 /* dataFileIO.cpp */ = {isa = PBXFileReference; lastKnownFileType = sourcecode.cpp.cpp; path = dataFileIO.cpp; sourceTree = "<group>"; };
		160BD36329A7BBD900751877 /* dataFileIO.hpp */ = {isa = PBXFileReference; lastKnownFileType = sourcecode.cpp.h; path = dataFileIO.hpp; sourceTree = "<group>"; };
		160BD37229A80E7800751877 /* Point Input - library */ = {isa = PBXFileReference; explicitFileType = "compiled.mach-o.executable"; includeInIndex = 0; path = "Point Input - library"; sourceTree = BUILT_PRODUCTS_DIR; };
		16194F0329985C0B001A252E /* Point.hpp */ = {isa = PBXFileReference; lastKnownFileType = sourcecode.cpp.h; path = Point.hpp; sourceTree = "<group>"; };
		16194F0529985C0B001A252E /* Point.cpp */ = {isa = PBXFileReference; lastKnownFileType = sourcecode.cpp.cpp; path = Point.cpp; sourceTree = "<group>"; };
		16194F0729985C18001A252E /* World.hpp */ = {isa = PBXFileReference; lastKnownFileType = sourcecode.cpp.h; path = World.hpp; sourceTree = "<group>"; };
		16194F0929985C18001A252E /* pointsAndSegments.cpp */ = {isa = PBXFileReference; lastKnownFileType = sourcecode.cpp.cpp; path = pointsAndSegments.cpp; sourceTree = "<group>"; };
		16526F17298E4C13008C34A8 /* GLUT.framework */ = {isa = PBXFileReference; lastKnownFileType = wrapper.framework; name = GLUT.framework; path = System/Library/Frameworks/GLUT.framework; sourceTree = SDKROOT; };
		16526F18298E4C13008C34A8 /* OpenGL.framework */ = {isa = PBXFileReference; lastKnownFileType = wrapper.framework; name = OpenGL.framework; path = System/Library/Frameworks/OpenGL.framework; sourceTree = SDKROOT; };
		1665DC932A043C3500509A53 /* IntersectionQuery.hpp */ = {isa = PBXFileReference; lastKnownFileType = sourcecode.cpp.h; path = IntersectionQuery.hpp; sourceTree = "<group>"; };
		168C66AE29DF463C0048A2F4 /* Geometry.hpp */ = {isa = PBXFileReference; lastKnownFileType = sourcecode.cpp.h; path = Geometry.hpp; sourceTree = "<group>"; };
		16D0CB0F299EC2090008B4C4 /* Segment.hpp */ = {isa = PBXFileReference; fileEncoding = 4; lastKnownFileType = sourcecode.cpp.h; path = Segment.hpp; sourceTree = "<group>"; };
		16D0CB12299EC2270008B4C4 /* Segment.cpp */ = {isa = PBXFileReference; fileEncoding = 4; lastKnownFileType = sourcecode.cpp.cpp; path = Segment.cpp; sourceTree = "<group>"; };
		6E7297BD2A043F59003A7965 /* IntersectionQuery.cpp */ = {isa = PBXFileReference; lastKnownFileType = sourcecode.cpp.cpp; path = IntersectionQuery.cpp; sourceTree = "<group>"; };
		93EB007D26F10A410020C350 /* Point Input - source */ = {isa = PBXFileReference; explicitFileType = "compiled.mach-o.executable"; includeInIndex = 0; path = "Point Input - source"; sourceTree = BUILT_PRODUCTS_DIR; };
/* End PBXFileReference section */

/* Begin PBXFrameworksBuildPhase section */
		160BD36B29A80E7800751877 /* Frameworks */ = {
			isa = PBXFrameworksBuildPhase;
			buildActionMask = 2147483647;
			files = (
				160BD36C29A80E7800751877 /* GLUT.framework in Frameworks */,
				160BD36D29A80E7800751877 /* OpenGL.framework in Frameworks */,
			);
			runOnlyForDeploymentPostprocessing = 0;
		};
		93EB007A26F10A410020C350 /* Frameworks */ = {
			isa = PBXFrameworksBuildPhase;
			buildActionMask = 2147483647;
			files = (
				16526F19298E4C13008C34A8 /* GLUT.framework in Frameworks */,
				16526F1A298E4C13008C34A8 /* OpenGL.framework in Frameworks */,
			);
			runOnlyForDeploymentPostprocessing = 0;
		};
/* End PBXFrameworksBuildPhase section */

/* Begin PBXGroup section */
		160BD36029A749EC00751877 /* App Documentation */ = {
			isa = PBXGroup;
			children = (
				160BD36129A74A3200751877 /* Data File Format.md */,
			);
			path = "App Documentation";
			sourceTree = "<group>";
		};
		16194F0129985C0B001A252E /* Library */ = {
			isa = PBXGroup;
			children = (
				16194F0229985C0B001A252E /* include */,
				16194F0429985C0B001A252E /* src */,
			);
			path = Library;
			sourceTree = GeometryLib;
		};
		16194F0229985C0B001A252E /* include */ = {
			isa = PBXGroup;
			children = (
				168C66AE29DF463C0048A2F4 /* Geometry.hpp */,
				16194F0329985C0B001A252E /* Point.hpp */,
				16D0CB0F299EC2090008B4C4 /* Segment.hpp */,
				1665DC932A043C3500509A53 /* IntersectionQuery.hpp */,
			);
			name = include;
			path = Library/include;
			sourceTree = GeometryLib;
		};
		16194F0429985C0B001A252E /* src */ = {
			isa = PBXGroup;
			children = (
				16194F0529985C0B001A252E /* Point.cpp */,
				16D0CB12299EC2270008B4C4 /* Segment.cpp */,
				6E7297BD2A043F59003A7965 /* IntersectionQuery.cpp */,
			);
			name = src;
			path = Library/src;
			sourceTree = GeometryLib;
		};
		16194F0629985C18001A252E /* Code */ = {
			isa = PBXGroup;
			children = (
				16194F0729985C18001A252E /* World.hpp */,
				160BD36329A7BBD900751877 /* dataFileIO.hpp */,
				160BD36229A7BBD900751877 /* dataFileIO.cpp */,
				16194F0929985C18001A252E /* pointsAndSegments.cpp */,
			);
			name = Code;
			path = ../Code;
			sourceTree = "<group>";
		};
		16526F16298E4C13008C34A8 /* Frameworks */ = {
			isa = PBXGroup;
			children = (
				16526F17298E4C13008C34A8 /* GLUT.framework */,
				16526F18298E4C13008C34A8 /* OpenGL.framework */,
			);
			name = Frameworks;
			sourceTree = "<group>";
		};
		93EB007426F10A410020C350 = {
			isa = PBXGroup;
			children = (
				160BD36029A749EC00751877 /* App Documentation */,
				16194F0129985C0B001A252E /* Library */,
				16194F0629985C18001A252E /* Code */,
				93EB007E26F10A410020C350 /* Products */,
				16526F16298E4C13008C34A8 /* Frameworks */,
			);
			sourceTree = "<group>";
		};
		93EB007E26F10A410020C350 /* Products */ = {
			isa = PBXGroup;
			children = (
				93EB007D26F10A410020C350 /* Point Input - source */,
				160BD37229A80E7800751877 /* Point Input - library */,
			);
			name = Products;
			sourceTree = "<group>";
		};
/* End PBXGroup section */

/* Begin PBXNativeTarget section */
		160BD36529A80E7800751877 /* Point Input - library */ = {
			isa = PBXNativeTarget;
			buildConfigurationList = 160BD36F29A80E7800751877 /* Build configuration list for PBXNativeTarget "Point Input - library" */;
			buildPhases = (
				160BD36629A80E7800751877 /* Sources */,
				160BD36B29A80E7800751877 /* Frameworks */,
				160BD36E29A80E7800751877 /* CopyFiles */,
			);
			buildRules = (
			);
			dependencies = (
			);
			name = "Point Input - library";
			productName = "Class Demo";
			productReference = 160BD37229A80E7800751877 /* Point Input - library */;
			productType = "com.apple.product-type.tool";
		};
		93EB007C26F10A410020C350 /* Point Input - source */ = {
			isa = PBXNativeTarget;
			buildConfigurationList = 93EB008426F10A410020C350 /* Build configuration list for PBXNativeTarget "Point Input - source" */;
			buildPhases = (
				93EB007926F10A410020C350 /* Sources */,
				93EB007A26F10A410020C350 /* Frameworks */,
				93EB007B26F10A410020C350 /* CopyFiles */,
			);
			buildRules = (
			);
			dependencies = (
			);
			name = "Point Input - source";
			productName = "Class Demo";
			productReference = 93EB007D26F10A410020C350 /* Point Input - source */;
			productType = "com.apple.product-type.tool";
		};
/* End PBXNativeTarget section */

/* Begin PBXProject section */
		93EB007526F10A410020C350 /* Project object */ = {
			isa = PBXProject;
			attributes = {
				BuildIndependentTargetsInParallel = YES;
				LastUpgradeCheck = 1430;
				ORGANIZATIONNAME = "URI 3D Group";
				TargetAttributes = {
					93EB007C26F10A410020C350 = {
						CreatedOnToolsVersion = 11.1;
					};
				};
			};
			buildConfigurationList = 93EB007826F10A410020C350 /* Build configuration list for PBXProject "Demo" */;
			compatibilityVersion = "Xcode 9.3";
			developmentRegion = en;
			hasScannedForEncodings = 0;
			knownRegions = (
				en,
				Base,
			);
			mainGroup = 93EB007426F10A410020C350;
			productRefGroup = 93EB007E26F10A410020C350 /* Products */;
			projectDirPath = "";
			projectRoot = "";
			targets = (
				93EB007C26F10A410020C350 /* Point Input - source */,
				160BD36529A80E7800751877 /* Point Input - library */,
			);
		};
/* End PBXProject section */

/* Begin PBXSourcesBuildPhase section */
		160BD36629A80E7800751877 /* Sources */ = {
			isa = PBXSourcesBuildPhase;
			buildActionMask = 2147483647;
			files = (
				160BD36729A80E7800751877 /* pointsAndSegments.cpp in Sources */,
				160BD36829A80E7800751877 /* dataFileIO.cpp in Sources */,
			);
			runOnlyForDeploymentPostprocessing = 0;
		};
		93EB007926F10A410020C350 /* Sources */ = {
			isa = PBXSourcesBuildPhase;
			buildActionMask = 2147483647;
			files = (
				160BD37629A8200900751877 /* Point.cpp in Sources */,
				168DD2ED29A5829E00A0A99C /* pointsAndSegments.cpp in Sources */,
				160BD36429A7BBD900751877 /* dataFileIO.cpp in Sources */,
				160BD37529A8200900751877 /* Segment.cpp in Sources */,
				6E7297BE2A043F59003A7965 /* IntersectionQuery.cpp in Sources */,
			);
			runOnlyForDeploymentPostprocessing = 0;
		};
/* End PBXSourcesBuildPhase section */

/* Begin XCBuildConfiguration section */
		160BD37029A80E7800751877 /* Debug */ = {
			isa = XCBuildConfiguration;
			buildSettings = {
				CODE_SIGN_IDENTITY = "-";
				CODE_SIGN_STYLE = Automatic;
				DEAD_CODE_STRIPPING = YES;
				DEVELOPMENT_TEAM = 38H6W4VN4A;
				ENABLE_HARDENED_RUNTIME = YES;
				GCC_WARN_ABOUT_DEPRECATED_FUNCTIONS = NO;
				GCC_WARN_HIDDEN_VIRTUAL_FUNCTIONS = YES;
				MACOSX_DEPLOYMENT_TARGET = 11.5;
				PRODUCT_NAME = "$(TARGET_NAME)";
			};
			name = Debug;
		};
		160BD37129A80E7800751877 /* Release */ = {
			isa = XCBuildConfiguration;
			buildSettings = {
				CODE_SIGN_IDENTITY = "-";
				CODE_SIGN_STYLE = Automatic;
				DEAD_CODE_STRIPPING = YES;
				DEVELOPMENT_TEAM = 38H6W4VN4A;
				ENABLE_HARDENED_RUNTIME = YES;
				GCC_WARN_ABOUT_DEPRECATED_FUNCTIONS = NO;
				GCC_WARN_HIDDEN_VIRTUAL_FUNCTIONS = YES;
				MACOSX_DEPLOYMENT_TARGET = 11.5;
				PRODUCT_NAME = "$(TARGET_NAME)";
			};
			name = Release;
		};
		93EB008226F10A410020C350 /* Debug */ = {
			isa = XCBuildConfiguration;
			buildSettings = {
				ALWAYS_SEARCH_USER_PATHS = NO;
				CLANG_ANALYZER_NONNULL = YES;
				CLANG_ANALYZER_NUMBER_OBJECT_CONVERSION = YES_AGGRESSIVE;
				CLANG_CXX_LANGUAGE_STANDARD = "c++20";
				CLANG_CXX_LIBRARY = "libc++";
				CLANG_ENABLE_MODULES = YES;
				CLANG_ENABLE_OBJC_ARC = YES;
				CLANG_ENABLE_OBJC_WEAK = YES;
				CLANG_WARN_ASSIGN_ENUM = YES;
				CLANG_WARN_BLOCK_CAPTURE_AUTORELEASING = YES;
				CLANG_WARN_BOOL_CONVERSION = YES;
				CLANG_WARN_COMMA = YES;
				CLANG_WARN_CONSTANT_CONVERSION = YES;
				CLANG_WARN_CXX0X_EXTENSIONS = YES;
				CLANG_WARN_DEPRECATED_OBJC_IMPLEMENTATIONS = YES;
				CLANG_WARN_DIRECT_OBJC_ISA_USAGE = YES_ERROR;
				CLANG_WARN_DOCUMENTATION_COMMENTS = YES;
				CLANG_WARN_EMPTY_BODY = YES;
				CLANG_WARN_ENUM_CONVERSION = YES;
				CLANG_WARN_IMPLICIT_FALLTHROUGH = YES;
				CLANG_WARN_IMPLICIT_SIGN_CONVERSION = YES;
				CLANG_WARN_INFINITE_RECURSION = YES;
				CLANG_WARN_INT_CONVERSION = YES;
				CLANG_WARN_NON_LITERAL_NULL_CONVERSION = YES;
				CLANG_WARN_OBJC_IMPLICIT_RETAIN_SELF = YES;
				CLANG_WARN_OBJC_LITERAL_CONVERSION = YES;
				CLANG_WARN_OBJC_ROOT_CLASS = YES_ERROR;
				CLANG_WARN_QUOTED_INCLUDE_IN_FRAMEWORK_HEADER = YES;
				CLANG_WARN_RANGE_LOOP_ANALYSIS = YES;
				CLANG_WARN_SEMICOLON_BEFORE_METHOD_BODY = YES;
				CLANG_WARN_STRICT_PROTOTYPES = YES;
				CLANG_WARN_SUSPICIOUS_IMPLICIT_CONVERSION = YES;
				CLANG_WARN_SUSPICIOUS_MOVE = YES;
				CLANG_WARN_UNGUARDED_AVAILABILITY = YES_AGGRESSIVE;
				CLANG_WARN_UNREACHABLE_CODE = YES;
				CLANG_WARN__DUPLICATE_METHOD_MATCH = YES;
				COPY_PHASE_STRIP = NO;
				DEAD_CODE_STRIPPING = YES;
				DEBUG_INFORMATION_FORMAT = dwarf;
				ENABLE_STRICT_OBJC_MSGSEND = YES;
				ENABLE_TESTABILITY = YES;
				GCC_C_LANGUAGE_STANDARD = gnu11;
				GCC_DYNAMIC_NO_PIC = NO;
				GCC_NO_COMMON_BLOCKS = YES;
				GCC_OPTIMIZATION_LEVEL = 0;
				GCC_PREPROCESSOR_DEFINITIONS = (
					"DEBUG=1",
					"$(inherited)",
				);
				GCC_WARN_64_TO_32_BIT_CONVERSION = YES;
				GCC_WARN_ABOUT_MISSING_FIELD_INITIALIZERS = YES;
				GCC_WARN_ABOUT_MISSING_NEWLINE = YES;
				GCC_WARN_ABOUT_MISSING_PROTOTYPES = YES;
				GCC_WARN_ABOUT_RETURN_TYPE = YES_ERROR;
				GCC_WARN_HIDDEN_VIRTUAL_FUNCTIONS = YES;
				GCC_WARN_INITIALIZER_NOT_FULLY_BRACKETED = YES;
				GCC_WARN_NON_VIRTUAL_DESTRUCTOR = YES;
				GCC_WARN_PEDANTIC = YES;
				GCC_WARN_SIGN_COMPARE = YES;
				GCC_WARN_UNDECLARED_SELECTOR = YES;
				GCC_WARN_UNINITIALIZED_AUTOS = YES_AGGRESSIVE;
				GCC_WARN_UNUSED_FUNCTION = YES;
				GCC_WARN_UNUSED_VARIABLE = YES;
				HEADER_SEARCH_PATHS = "";
				MACOSX_DEPLOYMENT_TARGET = 11.5;
				MTL_ENABLE_DEBUG_INFO = INCLUDE_SOURCE;
				MTL_FAST_MATH = YES;
				ONLY_ACTIVE_ARCH = YES;
				SDKROOT = macosx;
			};
			name = Debug;
		};
		93EB008326F10A410020C350 /* Release */ = {
			isa = XCBuildConfiguration;
			buildSettings = {
				ALWAYS_SEARCH_USER_PATHS = NO;
				CLANG_ANALYZER_NONNULL = YES;
				CLANG_ANALYZER_NUMBER_OBJECT_CONVERSION = YES_AGGRESSIVE;
				CLANG_CXX_LANGUAGE_STANDARD = "c++20";
				CLANG_CXX_LIBRARY = "libc++";
				CLANG_ENABLE_MODULES = YES;
				CLANG_ENABLE_OBJC_ARC = YES;
				CLANG_ENABLE_OBJC_WEAK = YES;
				CLANG_WARN_ASSIGN_ENUM = YES;
				CLANG_WARN_BLOCK_CAPTURE_AUTORELEASING = YES;
				CLANG_WARN_BOOL_CONVERSION = YES;
				CLANG_WARN_COMMA = YES;
				CLANG_WARN_CONSTANT_CONVERSION = YES;
				CLANG_WARN_CXX0X_EXTENSIONS = YES;
				CLANG_WARN_DEPRECATED_OBJC_IMPLEMENTATIONS = YES;
				CLANG_WARN_DIRECT_OBJC_ISA_USAGE = YES_ERROR;
				CLANG_WARN_DOCUMENTATION_COMMENTS = YES;
				CLANG_WARN_EMPTY_BODY = YES;
				CLANG_WARN_ENUM_CONVERSION = YES;
				CLANG_WARN_IMPLICIT_FALLTHROUGH = YES;
				CLANG_WARN_IMPLICIT_SIGN_CONVERSION = YES;
				CLANG_WARN_INFINITE_RECURSION = YES;
				CLANG_WARN_INT_CONVERSION = YES;
				CLANG_WARN_NON_LITERAL_NULL_CONVERSION = YES;
				CLANG_WARN_OBJC_IMPLICIT_RETAIN_SELF = YES;
				CLANG_WARN_OBJC_LITERAL_CONVERSION = YES;
				CLANG_WARN_OBJC_ROOT_CLASS = YES_ERROR;
				CLANG_WARN_QUOTED_INCLUDE_IN_FRAMEWORK_HEADER = YES;
				CLANG_WARN_RANGE_LOOP_ANALYSIS = YES;
				CLANG_WARN_SEMICOLON_BEFORE_METHOD_BODY = YES;
				CLANG_WARN_STRICT_PROTOTYPES = YES;
				CLANG_WARN_SUSPICIOUS_IMPLICIT_CONVERSION = YES;
				CLANG_WARN_SUSPICIOUS_MOVE = YES;
				CLANG_WARN_UNGUARDED_AVAILABILITY = YES_AGGRESSIVE;
				CLANG_WARN_UNREACHABLE_CODE = YES;
				CLANG_WARN__DUPLICATE_METHOD_MATCH = YES;
				COPY_PHASE_STRIP = NO;
				DEAD_CODE_STRIPPING = YES;
				DEBUG_INFORMATION_FORMAT = "dwarf-with-dsym";
				ENABLE_NS_ASSERTIONS = NO;
				ENABLE_STRICT_OBJC_MSGSEND = YES;
				GCC_C_LANGUAGE_STANDARD = gnu11;
				GCC_NO_COMMON_BLOCKS = YES;
				GCC_WARN_64_TO_32_BIT_CONVERSION = YES;
				GCC_WARN_ABOUT_MISSING_FIELD_INITIALIZERS = YES;
				GCC_WARN_ABOUT_MISSING_NEWLINE = YES;
				GCC_WARN_ABOUT_MISSING_PROTOTYPES = YES;
				GCC_WARN_ABOUT_RETURN_TYPE = YES_ERROR;
				GCC_WARN_HIDDEN_VIRTUAL_FUNCTIONS = YES;
				GCC_WARN_INITIALIZER_NOT_FULLY_BRACKETED = YES;
				GCC_WARN_NON_VIRTUAL_DESTRUCTOR = YES;
				GCC_WARN_PEDANTIC = YES;
				GCC_WARN_SIGN_COMPARE = YES;
				GCC_WARN_UNDECLARED_SELECTOR = YES;
				GCC_WARN_UNINITIALIZED_AUTOS = YES_AGGRESSIVE;
				GCC_WARN_UNUSED_FUNCTION = YES;
				GCC_WARN_UNUSED_VARIABLE = YES;
				HEADER_SEARCH_PATHS = "";
				MACOSX_DEPLOYMENT_TARGET = 11.5;
				MTL_ENABLE_DEBUG_INFO = NO;
				MTL_FAST_MATH = YES;
				SDKROOT = macosx;
			};
			name = Release;
		};
		93EB008526F10A410020C350 /* Debug */ = {
			isa = XCBuildConfiguration;
			buildSettings = {
				CODE_SIGN_IDENTITY = "-";
				CODE_SIGN_STYLE = Automatic;
				DEAD_CODE_STRIPPING = YES;
				DEVELOPMENT_TEAM = 38H6W4VN4A;
				ENABLE_HARDENED_RUNTIME = YES;
				FRAMEWORK_SEARCH_PATHS = "";
				GCC_WARN_ABOUT_DEPRECATED_FUNCTIONS = NO;
				GCC_WARN_HIDDEN_VIRTUAL_FUNCTIONS = YES;
				MACOSX_DEPLOYMENT_TARGET = 11.5;
				PRODUCT_NAME = "$(TARGET_NAME)";
			};
			name = Debug;
		};
		93EB008626F10A410020C350 /* Release */ = {
			isa = XCBuildConfiguration;
			buildSettings = {
				CODE_SIGN_IDENTITY = "-";
				CODE_SIGN_STYLE = Automatic;
				DEAD_CODE_STRIPPING = YES;
				DEVELOPMENT_TEAM = 38H6W4VN4A;
				ENABLE_HARDENED_RUNTIME = YES;
				FRAMEWORK_SEARCH_PATHS = "";
				GCC_WARN_ABOUT_DEPRECATED_FUNCTIONS = NO;
				GCC_WARN_HIDDEN_VIRTUAL_FUNCTIONS = YES;
				MACOSX_DEPLOYMENT_TARGET = 11.5;
				PRODUCT_NAME = "$(TARGET_NAME)";
			};
			name = Release;
		};
/* End XCBuildConfiguration section */

/* Begin XCConfigurationList section */
		160BD36F29A80E7800751877 /* Build configuration list for PBXNativeTarget "Point Input - library" */ = {
			isa = XCConfigurationList;
			buildConfigurations = (
				160BD37029A80E7800751877 /* Debug */,
				160BD37129A80E7800751877 /* Release */,
			);
			defaultConfigurationIsVisible = 0;
			defaultConfigurationName = Release;
		};
		93EB007826F10A410020C350 /* Build configuration list for PBXProject "Demo" */ = {
			isa = XCConfigurationList;
			buildConfigurations = (
				93EB008226F10A410020C350 /* Debug */,
				93EB008326F10A410020C350 /* Release */,
			);
			defaultConfigurationIsVisible = 0;
			defaultConfigurationName = Release;
		};
		93EB008426F10A410020C350 /* Build configuration list for PBXNativeTarget "Point Input - source" */ = {
			isa = XCConfigurationList;
			buildConfigurations = (
				93EB008526F10A410020C350 /* Debug */,
				93EB008626F10A410020C350 /* Release */,
			);
			defaultConfigurationIsVisible = 0;
			defaultConfigurationName = Release;
		};
/* End XCConfigurationList section */
	};
	rootObject = 93EB007526F10A410020C350 /* Project object */;
}
